
Microsoft Visual Studio Solution File, Format Version 12.00
# Visual Studio Version 16
VisualStudioVersion = 16.0.30011.22
MinimumVisualStudioVersion = 10.0.40219.1
Project("{FAE04EC0-301F-11D3-BF4B-00C04F79EFBC}") = "ArgonTribalMedicine", "ArgonTribalMedicie\ArgonTribalMedicine.csproj", "{91B9E69C-1D74-470E-AECA-94B2D2C34B9C}"
EndProject
Global
	GlobalSection(SolutionConfigurationPlatforms) = preSolution
		Debug|Any CPU = Debug|Any CPU
		Release|Any CPU = Release|Any CPU
	EndGlobalSection
	GlobalSection(ProjectConfigurationPlatforms) = postSolution
		{91B9E69C-1D74-470E-AECA-94B2D2C34B9C}.Debug|Any CPU.ActiveCfg = Debug|Any CPU
		{91B9E69C-1D74-470E-AECA-94B2D2C34B9C}.Debug|Any CPU.Build.0 = Debug|Any CPU
		{91B9E69C-1D74-470E-AECA-94B2D2C34B9C}.Release|Any CPU.ActiveCfg = Release|Any CPU
		{91B9E69C-1D74-470E-AECA-94B2D2C34B9C}.Release|Any CPU.Build.0 = Release|Any CPU
	EndGlobalSection
	GlobalSection(SolutionProperties) = preSolution
		HideSolutionNode = FALSE
	EndGlobalSection
	GlobalSection(ExtensibilityGlobals) = postSolution
		SolutionGuid = {C1C4E040-78B5-43C1-9DE8-DC74A9E60F72}
	EndGlobalSection
EndGlobal
